{
  "version": 4,
  "terraform_version": "1.7.5",
  "serial": 2,
  "lineage": "4b70464c-861a-82d8-4e7f-7ff09ec11310",
  "outputs": {
    "vpc_cidr_block": {
      "value": "10.0.0.0/16",
      "type": "string"
    },
    "vpc_id": {
      "value": "vpc-0df384780710f0a1e",
      "type": "string"
    },
    "vpc_name": {
      "value": "Intern VPC",
      "type": "string"
    }
  },
  "resources": [
    {
      "mode": "managed",
      "type": "aws_vpc",
      "name": "my_vpc",
      "provider": "provider[\"registry.terraform.io/hashicorp/aws\"]",
      "instances": [
        {
          "schema_version": 1,
          "attributes": {
            "arn": "arn:aws:ec2:ap-northeast-1:812723145208:vpc/vpc-0df384780710f0a1e",
            "assign_generated_ipv6_cidr_block": false,
            "cidr_block": "10.0.0.0/16",
            "default_network_acl_id": "acl-0dffa4f91fee9e195",
            "default_route_table_id": "rtb-0b9ecfe159875c26a",
            "default_security_group_id": "sg-05c34726713f6fde8",
            "dhcp_options_id": "dopt-0d8fb972ae33a404c",
            "enable_dns_hostnames": false,
            "enable_dns_support": true,
            "enable_network_address_usage_metrics": false,
            "id": "vpc-0df384780710f0a1e",
            "instance_tenancy": "default",
            "ipv4_ipam_pool_id": null,
            "ipv4_netmask_length": null,
            "ipv6_association_id": "",
            "ipv6_cidr_block": "",
            "ipv6_cidr_block_network_border_group": "",
            "ipv6_ipam_pool_id": "",
            "ipv6_netmask_length": 0,
            "main_route_table_id": "rtb-0b9ecfe159875c26a",
            "owner_id": "812723145208",
            "tags": {
              "Name": "Intern VPC"
            },
            "tags_all": {
              "Name": "Intern VPC"
            }
          },
          "sensitive_attributes": [],
          "private": "eyJzY2hlbWFfdmVyc2lvbiI6IjEifQ=="
        }
      ]
    }
  ],
  "check_results": null
}
